{
  "name": "tetromino",
  "version": "1.0.0",
  "lockfileVersion": 2,
  "requires": true,
  "packages": {
    "": {
      "name": "tetromino",
      "version": "1.0.0",
      "license": "MIT",
      "dependencies": {
        "reserve": "^1.14.0"
      }
    },
    "node_modules/reserve": {
      "version": "1.14.0",
      "resolved": "https://registry.npmjs.org/reserve/-/reserve-1.14.0.tgz",
      "integrity": "sha512-aCeQe2Zfvn5D05s47Gf1XeuLqn/mwuAaF0U898p0IkjGLvzhwOyoQZNPwrTGIvEtnWz81ws7HGcWkKYBgmw5Sg==",
      "bin": {
        "reserve": "index.js"
      },
      "engines": {
        "node": ">=10.0.0"
      }
    }
  },
  "dependencies": {
    "reserve": {
      "version": "1.14.0",
      "resolved": "https://registry.npmjs.org/reserve/-/reserve-1.14.0.tgz",
      "integrity": "sha512-aCeQe2Zfvn5D05s47Gf1XeuLqn/mwuAaF0U898p0IkjGLvzhwOyoQZNPwrTGIvEtnWz81ws7HGcWkKYBgmw5Sg=="
    }
  }
}
